# THIS IS AN AUTOGENERATED FILE. DO NOT EDIT THIS FILE DIRECTLY.
# yarn lockfile v1


beaver-logger@^3.0.11:
  version "3.0.14"
  resolved "https://registry.yarnpkg.com/beaver-logger/-/beaver-logger-3.0.14.tgz#ef7e9bf2d72f80b48097842cd79e665df1d862e1"
  dependencies:
    zalgo-promise "^1.0.26"

cross-domain-safe-weakmap@^1.0.1, cross-domain-safe-weakmap@^1.0.19:
  version "1.0.20"
  resolved "https://registry.yarnpkg.com/cross-domain-safe-weakmap/-/cross-domain-safe-weakmap-1.0.20.tgz#d047546260b4535bb373af31babde64a209681d6"
  dependencies:
    cross-domain-utils "^2.0.0"

cross-domain-utils@^2.0.0, cross-domain-utils@^2.0.3:
  version "2.0.10"
  resolved "https://registry.yarnpkg.com/cross-domain-utils/-/cross-domain-utils-2.0.10.tgz#4ee5962d61523e92fbe07a6d4d461c6e6f5f1878"
  dependencies:
    zalgo-promise "^1.0.11"

hi-base32@^0.5.0:
  version "0.5.0"
  resolved "https://registry.yarnpkg.com/hi-base32/-/hi-base32-0.5.0.tgz#61329f76a31f31008533f1c36f2473e259d64571"

post-robot@^8.0.14:
  version "8.0.26"
  resolved "https://registry.yarnpkg.com/post-robot/-/post-robot-8.0.26.tgz#59267577fc37a0e69ae26b90c3394d979d18a31c"
  dependencies:
    cross-domain-safe-weakmap "^1.0.1"
    cross-domain-utils "^2.0.0"
    zalgo-promise "^1.0.3"

zalgo-promise@^1.0.11, zalgo-promise@^1.0.22, zalgo-promise@^1.0.26, zalgo-promise@^1.0.3:
  version "1.0.28"
  resolved "https://registry.yarnpkg.com/zalgo-promise/-/zalgo-promise-1.0.28.tgz#d21b31c060fbb159af9d48f0e67dd31ce4091b33"

zoid@^6.0.63:
  version "6.0.63"
  resolved "https://registry.yarnpkg.com/zoid/-/zoid-6.0.63.tgz#57534ba0b7328bdd95200f5b96882125f0834d46"
  dependencies:
    beaver-logger "^3.0.11"
    cross-domain-safe-weakmap "^1.0.19"
    cross-domain-utils "^2.0.3"
    hi-base32 "^0.5.0"
    post-robot "^8.0.14"
    zalgo-promise "^1.0.22"
